// !$*UTF8*$!
{
	archiveVersion = 1;
	classes = {
	};
	objectVersion = 46;
	objects = {

/* Begin PBXGroup section */
		ADFBF2BC1E9900AF007F5DAC = {
			isa = PBXGroup;
			children = (
			);
			sourceTree = "<group>";
		};
/* End PBXGroup section */

/* Begin PBXProject section */
		ADFBF2BD1E9900AF007F5DAC /* Project object */ = {
			isa = PBXProject;
			attributes = {
				LastUpgradeCheck = 0830;
			};
			buildConfigurationList = ADFBF2C01E9900AF007F5DAC /* Build configuration list for PBXProject "EmojiSwift" */;
			compatibilityVersion = "Xcode 3.2";
			developmentRegion = English;
			hasScannedForEncodings = 0;
			knownRegions = (
				en,
			);
			mainGroup = ADFBF2BC1E9900AF007F5DAC;
			projectDirPath = "";
			projectRoot = "";
			targets = (
			);
		};
/* End PBXProject section */

/* Begin XCBuildConfiguration section */
		ADFBF2C11E9900AF007F5DAC /* Debug */ = {
			isa = XCBuildConfiguration;
			buildSettings = {
			};
			name = Debug;
		};
		ADFBF2C21E9900AF007F5DAC /* Release */ = {
			isa = XCBuildConfiguration;
			buildSettings = {
			};
			name = Release;
		};
/* End XCBuildConfiguration section */

/* Begin XCConfigurationList section */
		ADFBF2C01E9900AF007F5DAC /* Build configuration list for PBXProject "EmojiSwift" */ = {
			isa = XCConfigurationList;
			buildConfigurations = (
				ADFBF2C11E9900AF007F5DAC /* Debug */,
				ADFBF2C21E9900AF007F5DAC /* Release */,
			);
			defaultConfigurationIsVisible = 0;
			defaultConfigurationName = Release;
		};
/* End XCConfigurationList section */
	};
	rootObject = ADFBF2BD1E9900AF007F5DAC /* Project object */;
}
